{
  "name": "types-spring",
  "version": "1.0.5",
  "lockfileVersion": 2,
  "requires": true,
  "packages": {
    "": {
      "name": "types-spring",
      "version": "1.0.5",
      "license": "MIT",
      "devDependencies": {
        "@types/node": "^20.2.5",
        "simple-git-hooks": "^2.8.1",
        "typescript": "^5.0.4"
      },
      "peerDependencies": {
        "typescript": "^4.7.4 || ^5.0.4"
      }
    },
    "node_modules/@types/node": {
      "version": "20.2.5",
      "resolved": "https://registry.npmjs.org/@types/node/-/node-20.2.5.tgz",
      "integrity": "sha512-JJulVEQXmiY9Px5axXHeYGLSjhkZEnD+MDPDGbCbIAbMslkKwmygtZFy1X6s/075Yo94sf8GuSlFfPzysQrWZQ==",
      "dev": true
    },
    "node_modules/simple-git-hooks": {
      "version": "2.8.1",
      "resolved": "https://registry.npmjs.org/simple-git-hooks/-/simple-git-hooks-2.8.1.tgz",
      "integrity": "sha512-DYpcVR1AGtSfFUNzlBdHrQGPsOhuuEJ/FkmPOOlFysP60AHd3nsEpkGq/QEOdtUyT1Qhk7w9oLmFoMG+75BDog==",
      "dev": true,
      "hasInstallScript": true,
      "bin": {
        "simple-git-hooks": "cli.js"
      }
    },
    "node_modules/typescript": {
      "version": "5.0.4",
      "resolved": "https://registry.npmjs.org/typescript/-/typescript-5.0.4.tgz",
      "integrity": "sha512-cW9T5W9xY37cc+jfEnaUvX91foxtHkza3Nw3wkoF4sSlKn0MONdkdEndig/qPBWXNkmplh3NzayQzCiHM4/hqw==",
      "dev": true,
      "bin": {
        "tsc": "bin/tsc",
        "tsserver": "bin/tsserver"
      },
      "engines": {
        "node": ">=12.20"
      }
    }
  },
  "dependencies": {
    "@types/node": {
      "version": "20.2.5",
      "resolved": "https://registry.npmjs.org/@types/node/-/node-20.2.5.tgz",
      "integrity": "sha512-JJulVEQXmiY9Px5axXHeYGLSjhkZEnD+MDPDGbCbIAbMslkKwmygtZFy1X6s/075Yo94sf8GuSlFfPzysQrWZQ==",
      "dev": true
    },
    "simple-git-hooks": {
      "version": "2.8.1",
      "resolved": "https://registry.npmjs.org/simple-git-hooks/-/simple-git-hooks-2.8.1.tgz",
      "integrity": "sha512-DYpcVR1AGtSfFUNzlBdHrQGPsOhuuEJ/FkmPOOlFysP60AHd3nsEpkGq/QEOdtUyT1Qhk7w9oLmFoMG+75BDog==",
      "dev": true
    },
    "typescript": {
      "version": "5.0.4",
      "resolved": "https://registry.npmjs.org/typescript/-/typescript-5.0.4.tgz",
      "integrity": "sha512-cW9T5W9xY37cc+jfEnaUvX91foxtHkza3Nw3wkoF4sSlKn0MONdkdEndig/qPBWXNkmplh3NzayQzCiHM4/hqw==",
      "dev": true
    }
  }
}
