lockfileVersion: 5.3

specifiers:
  ts-toolbelt: ^9.6.0
  types-spring: ^1.1.3
  utility-types: ^3.10.0

dependencies:
  ts-toolbelt: 9.6.0
  types-spring: 1.1.3
  utility-types: 3.10.0

packages:

  /ts-toolbelt/9.6.0:
    resolution: {integrity: sha512-nsZd8ZeNUzukXPlJmTBwUAuABDe/9qtVDelJeT/qW0ow3ZS3BsQJtNkan1802aM9Uf68/Y8ljw86Hu0h5IUW3w==}
    dev: false

  /types-spring/1.1.3:
    resolution: {integrity: sha512-rhnbEoZTMmbkBd23JOp9tJfikzIRZQPXZGi8EYmZEJ3ZQ+KxrL3AOpCNtPUia9FvIHCrZSi5BMUbX2CY1nXwqQ==}
    peerDependencies:
      typescript: ^4.7.4 || ^5.0.4
    dev: false

  /utility-types/3.10.0:
    resolution: {integrity: sha512-O11mqxmi7wMKCo6HKFt5AhO4BwY3VV68YU07tgxfz8zJTIxr4BpsezN49Ffwy9j3ZpwwJp4fkRwjRzq3uWE6Rg==}
    engines: {node: '>= 4'}
    dev: false
