lockfileVersion: 5.3

specifiers:
  ts-toolbelt: ^9.6.0
  type-fest: ^4.10.2
  types-spring: 1.1.4
  typescript: ^5.3.3
  utility-types: ^3.10.0

dependencies:
  ts-toolbelt: 9.6.0
  type-fest: 4.10.2
  types-spring: 1.1.4_typescript@5.3.3
  utility-types: 3.10.0

devDependencies:
  typescript: 5.3.3

packages:

  /ts-toolbelt/9.6.0:
    resolution: {integrity: sha512-nsZd8ZeNUzukXPlJmTBwUAuABDe/9qtVDelJeT/qW0ow3ZS3BsQJtNkan1802aM9Uf68/Y8ljw86Hu0h5IUW3w==}
    dev: false

  /type-fest/4.10.2:
    resolution: {integrity: sha512-anpAG63wSpdEbLwOqH8L84urkL6PiVIov3EMmgIhhThevh9aiMQov+6Btx0wldNcvm4wV+e2/Rt1QdDwKHFbHw==}
    engines: {node: '>=16'}
    dev: false

  /types-spring/1.1.4_typescript@5.3.3:
    resolution: {integrity: sha512-J0TE3T5kLVMbBNfaiHK52p4G1KeStIz9bguRKgIxFAsihD8YFxa6iq2cLgMZcAdoy0Zwsqc2WBLR7sNoy3O5yQ==}
    peerDependencies:
      typescript: ^4.7.4 || ^5.0.4
    dependencies:
      typescript: 5.3.3
    dev: false

  /typescript/5.3.3:
    resolution: {integrity: sha512-pXWcraxM0uxAS+tN0AG/BF2TyqmHO014Z070UsJ+pFvYuRSq8KH8DmWpnbXe0pEPDHXZV3FcAbJkijJ5oNEnWw==}
    engines: {node: '>=14.17'}
    hasBin: true

  /utility-types/3.10.0:
    resolution: {integrity: sha512-O11mqxmi7wMKCo6HKFt5AhO4BwY3VV68YU07tgxfz8zJTIxr4BpsezN49Ffwy9j3ZpwwJp4fkRwjRzq3uWE6Rg==}
    engines: {node: '>= 4'}
    dev: false
